// !$*UTF8*$!
{
	archiveVersion = 1;
	classes = {
	};
	objectVersion = 50;
	objects = {

/* Begin PBXBuildFile section */
		6330D8D024288E3900DE8547 /* ViewMessenger.swift in Sources */ = {isa = PBXBuildFile; fileRef = 6330D8CF24288E3900DE8547 /* ViewMessenger.swift */; };
		63CF9673244CF443004F6CA9 /* Main.storyboard in Resources */ = {isa = PBXBuildFile; fileRef = 63EB388A2432389B0095B217 /* Main.storyboard */; };
		63EB388D2432501B0095B217 /* ViewCell.swift in Sources */ = {isa = PBXBuildFile; fileRef = 63EB388C2432501B0095B217 /* ViewCell.swift */; };
		63EB38932439FB5F0095B217 /* ContactsView.swift in Sources */ = {isa = PBXBuildFile; fileRef = 63EB38922439FB5F0095B217 /* ContactsView.swift */; };
		63EB3895243A052C0095B217 /* ContactCell.swift in Sources */ = {isa = PBXBuildFile; fileRef = 63EB3894243A052C0095B217 /* ContactCell.swift */; };
		A92140F86DC67595E1455CA2 /* libPods-Yam.a in Frameworks */ = {isa = PBXBuildFile; fileRef = 639BB892196EF141B3F13D06 /* libPods-Yam.a */; };
		BB46A235240A899F00DB74C4 /* AppDelegate.swift in Sources */ = {isa = PBXBuildFile; fileRef = BB46A234240A899F00DB74C4 /* AppDelegate.swift */; };
		BB46A237240A899F00DB74C4 /* SceneDelegate.swift in Sources */ = {isa = PBXBuildFile; fileRef = BB46A236240A899F00DB74C4 /* SceneDelegate.swift */; };
		BB46A239240A899F00DB74C4 /* ViewController.swift in Sources */ = {isa = PBXBuildFile; fileRef = BB46A238240A899F00DB74C4 /* ViewController.swift */; };
		BB46A23C240A899F00DB74C4 /* Menu.storyboard in Resources */ = {isa = PBXBuildFile; fileRef = BB46A23A240A899F00DB74C4 /* Menu.storyboard */; };
		BB46A23E240A89A300DB74C4 /* Assets.xcassets in Resources */ = {isa = PBXBuildFile; fileRef = BB46A23D240A89A300DB74C4 /* Assets.xcassets */; };
		BB46A241240A89A300DB74C4 /* LaunchScreen.storyboard in Resources */ = {isa = PBXBuildFile; fileRef = BB46A23F240A89A300DB74C4 /* LaunchScreen.storyboard */; };
		BB46A24C240A89A300DB74C4 /* YamTests.swift in Sources */ = {isa = PBXBuildFile; fileRef = BB46A24B240A89A300DB74C4 /* YamTests.swift */; };
		BB46A257240A89A300DB74C4 /* YamUITests.swift in Sources */ = {isa = PBXBuildFile; fileRef = BB46A256240A89A300DB74C4 /* YamUITests.swift */; };
		BB46A265240D54E300DB74C4 /* Messenger.swift in Sources */ = {isa = PBXBuildFile; fileRef = BB46A264240D54E300DB74C4 /* Messenger.swift */; };
		BB46A267240D567C00DB74C4 /* VKClass.swift in Sources */ = {isa = PBXBuildFile; fileRef = BB46A266240D567C00DB74C4 /* VKClass.swift */; };
		BB46A26F2412CA4A00DB74C4 /* Person.swift in Sources */ = {isa = PBXBuildFile; fileRef = BB46A26E2412CA4A00DB74C4 /* Person.swift */; };
		BB46A2712412CB3B00DB74C4 /* User.swift in Sources */ = {isa = PBXBuildFile; fileRef = BB46A2702412CB3B00DB74C4 /* User.swift */; };
		BB46A2732412E1EA00DB74C4 /* Message.swift in Sources */ = {isa = PBXBuildFile; fileRef = BB46A2722412E1EA00DB74C4 /* Message.swift */; };
/* End PBXBuildFile section */

/* Begin PBXContainerItemProxy section */
		BB46A248240A89A300DB74C4 /* PBXContainerItemProxy */ = {
			isa = PBXContainerItemProxy;
			containerPortal = BB46A229240A899F00DB74C4 /* Project object */;
			proxyType = 1;
			remoteGlobalIDString = BB46A230240A899F00DB74C4;
			remoteInfo = Yam;
		};
		BB46A253240A89A300DB74C4 /* PBXContainerItemProxy */ = {
			isa = PBXContainerItemProxy;
			containerPortal = BB46A229240A899F00DB74C4 /* Project object */;
			proxyType = 1;
			remoteGlobalIDString = BB46A230240A899F00DB74C4;
			remoteInfo = Yam;
		};
/* End PBXContainerItemProxy section */

/* Begin PBXFileReference section */
		2A1738241C8913DA0D03D292 /* Pods-Yam.debug.xcconfig */ = {isa = PBXFileReference; includeInIndex = 1; lastKnownFileType = text.xcconfig; name = "Pods-Yam.debug.xcconfig"; path = "Target Support Files/Pods-Yam/Pods-Yam.debug.xcconfig"; sourceTree = "<group>"; };
		6330D8CF24288E3900DE8547 /* ViewMessenger.swift */ = {isa = PBXFileReference; lastKnownFileType = sourcecode.swift; path = ViewMessenger.swift; sourceTree = "<group>"; };
		639BB892196EF141B3F13D06 /* libPods-Yam.a */ = {isa = PBXFileReference; explicitFileType = archive.ar; includeInIndex = 0; path = "libPods-Yam.a"; sourceTree = BUILT_PRODUCTS_DIR; };
		63EB388A2432389B0095B217 /* Main.storyboard */ = {isa = PBXFileReference; lastKnownFileType = file.storyboard; path = Main.storyboard; sourceTree = "<group>"; };
		63EB388C2432501B0095B217 /* ViewCell.swift */ = {isa = PBXFileReference; lastKnownFileType = sourcecode.swift; path = ViewCell.swift; sourceTree = "<group>"; };
		63EB38922439FB5F0095B217 /* ContactsView.swift */ = {isa = PBXFileReference; lastKnownFileType = sourcecode.swift; path = ContactsView.swift; sourceTree = "<group>"; };
		63EB3894243A052C0095B217 /* ContactCell.swift */ = {isa = PBXFileReference; lastKnownFileType = sourcecode.swift; path = ContactCell.swift; sourceTree = "<group>"; };
		7D3870E0BC3739380D6F55D5 /* Pods-Yam.release.xcconfig */ = {isa = PBXFileReference; includeInIndex = 1; lastKnownFileType = text.xcconfig; name = "Pods-Yam.release.xcconfig"; path = "Target Support Files/Pods-Yam/Pods-Yam.release.xcconfig"; sourceTree = "<group>"; };
		BB46A231240A899F00DB74C4 /* Yam.app */ = {isa = PBXFileReference; explicitFileType = wrapper.application; includeInIndex = 0; path = Yam.app; sourceTree = BUILT_PRODUCTS_DIR; };
		BB46A234240A899F00DB74C4 /* AppDelegate.swift */ = {isa = PBXFileReference; lastKnownFileType = sourcecode.swift; path = AppDelegate.swift; sourceTree = "<group>"; };
		BB46A236240A899F00DB74C4 /* SceneDelegate.swift */ = {isa = PBXFileReference; lastKnownFileType = sourcecode.swift; path = SceneDelegate.swift; sourceTree = "<group>"; };
		BB46A238240A899F00DB74C4 /* ViewController.swift */ = {isa = PBXFileReference; lastKnownFileType = sourcecode.swift; path = ViewController.swift; sourceTree = "<group>"; };
		BB46A23B240A899F00DB74C4 /* Base */ = {isa = PBXFileReference; lastKnownFileType = file.storyboard; name = Base; path = Base.lproj/Menu.storyboard; sourceTree = "<group>"; };
		BB46A23D240A89A300DB74C4 /* Assets.xcassets */ = {isa = PBXFileReference; lastKnownFileType = folder.assetcatalog; path = Assets.xcassets; sourceTree = "<group>"; };
		BB46A240240A89A300DB74C4 /* Base */ = {isa = PBXFileReference; lastKnownFileType = file.storyboard; name = Base; path = Base.lproj/LaunchScreen.storyboard; sourceTree = "<group>"; };
		BB46A242240A89A300DB74C4 /* Info.plist */ = {isa = PBXFileReference; lastKnownFileType = text.plist.xml; path = Info.plist; sourceTree = "<group>"; };
		BB46A247240A89A300DB74C4 /* YamTests.xctest */ = {isa = PBXFileReference; explicitFileType = wrapper.cfbundle; includeInIndex = 0; path = YamTests.xctest; sourceTree = BUILT_PRODUCTS_DIR; };
		BB46A24B240A89A300DB74C4 /* YamTests.swift */ = {isa = PBXFileReference; lastKnownFileType = sourcecode.swift; path = YamTests.swift; sourceTree = "<group>"; };
		BB46A24D240A89A300DB74C4 /* Info.plist */ = {isa = PBXFileReference; lastKnownFileType = text.plist.xml; path = Info.plist; sourceTree = "<group>"; };
		BB46A252240A89A300DB74C4 /* YamUITests.xctest */ = {isa = PBXFileReference; explicitFileType = wrapper.cfbundle; includeInIndex = 0; path = YamUITests.xctest; sourceTree = BUILT_PRODUCTS_DIR; };
		BB46A256240A89A300DB74C4 /* YamUITests.swift */ = {isa = PBXFileReference; lastKnownFileType = sourcecode.swift; path = YamUITests.swift; sourceTree = "<group>"; };
		BB46A258240A89A300DB74C4 /* Info.plist */ = {isa = PBXFileReference; lastKnownFileType = text.plist.xml; path = Info.plist; sourceTree = "<group>"; };
		BB46A264240D54E300DB74C4 /* Messenger.swift */ = {isa = PBXFileReference; lastKnownFileType = sourcecode.swift; path = Messenger.swift; sourceTree = "<group>"; };
		BB46A266240D567C00DB74C4 /* VKClass.swift */ = {isa = PBXFileReference; lastKnownFileType = sourcecode.swift; path = VKClass.swift; sourceTree = "<group>"; };
		BB46A26E2412CA4A00DB74C4 /* Person.swift */ = {isa = PBXFileReference; lastKnownFileType = sourcecode.swift; path = Person.swift; sourceTree = "<group>"; };
		BB46A2702412CB3B00DB74C4 /* User.swift */ = {isa = PBXFileReference; lastKnownFileType = sourcecode.swift; path = User.swift; sourceTree = "<group>"; };
		BB46A2722412E1EA00DB74C4 /* Message.swift */ = {isa = PBXFileReference; lastKnownFileType = sourcecode.swift; path = Message.swift; sourceTree = "<group>"; };
/* End PBXFileReference section */

/* Begin PBXFrameworksBuildPhase section */
		BB46A22E240A899F00DB74C4 /* Frameworks */ = {
			isa = PBXFrameworksBuildPhase;
			buildActionMask = 2147483647;
			files = (
				A92140F86DC67595E1455CA2 /* libPods-Yam.a in Frameworks */,
			);
			runOnlyForDeploymentPostprocessing = 0;
		};
		BB46A244240A89A300DB74C4 /* Frameworks */ = {
			isa = PBXFrameworksBuildPhase;
			buildActionMask = 2147483647;
			files = (
			);
			runOnlyForDeploymentPostprocessing = 0;
		};
		BB46A24F240A89A300DB74C4 /* Frameworks */ = {
			isa = PBXFrameworksBuildPhase;
			buildActionMask = 2147483647;
			files = (
			);
			runOnlyForDeploymentPostprocessing = 0;
		};
/* End PBXFrameworksBuildPhase section */

/* Begin PBXGroup section */
		63EB3899243A190A0095B217 /* View */ = {
			isa = PBXGroup;
			children = (
				BB46A23A240A899F00DB74C4 /* Menu.storyboard */,
				63EB388A2432389B0095B217 /* Main.storyboard */,
				BB46A23F240A89A300DB74C4 /* LaunchScreen.storyboard */,
			);
			name = View;
			sourceTree = "<group>";
		};
		63EB389A243A190E0095B217 /* Controller */ = {
			isa = PBXGroup;
			children = (
				BB46A238240A899F00DB74C4 /* ViewController.swift */,
				6330D8CF24288E3900DE8547 /* ViewMessenger.swift */,
				63EB38922439FB5F0095B217 /* ContactsView.swift */,
				63EB388C2432501B0095B217 /* ViewCell.swift */,
				63EB3894243A052C0095B217 /* ContactCell.swift */,
			);
			name = Controller;
			sourceTree = "<group>";
		};
		63EB389B243A19110095B217 /* Model */ = {
			isa = PBXGroup;
			children = (
				BB46A264240D54E300DB74C4 /* Messenger.swift */,
				BB46A2722412E1EA00DB74C4 /* Message.swift */,
				BB46A266240D567C00DB74C4 /* VKClass.swift */,
				BB46A26E2412CA4A00DB74C4 /* Person.swift */,
				BB46A2702412CB3B00DB74C4 /* User.swift */,
			);
			name = Model;
			sourceTree = "<group>";
		};
		96B258E8E62E28D0FC395235 /* Frameworks */ = {
			isa = PBXGroup;
			children = (
				639BB892196EF141B3F13D06 /* libPods-Yam.a */,
			);
			name = Frameworks;
			sourceTree = "<group>";
		};
		A83F1E83DE39EBB689F9F468 /* Pods */ = {
			isa = PBXGroup;
			children = (
				2A1738241C8913DA0D03D292 /* Pods-Yam.debug.xcconfig */,
				7D3870E0BC3739380D6F55D5 /* Pods-Yam.release.xcconfig */,
			);
			path = Pods;
			sourceTree = "<group>";
		};
		BB46A228240A899F00DB74C4 = {
			isa = PBXGroup;
			children = (
				63EB389B243A19110095B217 /* Model */,
				63EB389A243A190E0095B217 /* Controller */,
				63EB3899243A190A0095B217 /* View */,
				BB46A233240A899F00DB74C4 /* Yam */,
				BB46A24A240A89A300DB74C4 /* YamTests */,
				BB46A255240A89A300DB74C4 /* YamUITests */,
				BB46A232240A899F00DB74C4 /* Products */,
				A83F1E83DE39EBB689F9F468 /* Pods */,
				96B258E8E62E28D0FC395235 /* Frameworks */,
			);
			sourceTree = "<group>";
		};
		BB46A232240A899F00DB74C4 /* Products */ = {
			isa = PBXGroup;
			children = (
				BB46A231240A899F00DB74C4 /* Yam.app */,
				BB46A247240A89A300DB74C4 /* YamTests.xctest */,
				BB46A252240A89A300DB74C4 /* YamUITests.xctest */,
			);
			name = Products;
			sourceTree = "<group>";
		};
		BB46A233240A899F00DB74C4 /* Yam */ = {
			isa = PBXGroup;
			children = (
				BB46A234240A899F00DB74C4 /* AppDelegate.swift */,
				BB46A236240A899F00DB74C4 /* SceneDelegate.swift */,
				BB46A23D240A89A300DB74C4 /* Assets.xcassets */,
				BB46A242240A89A300DB74C4 /* Info.plist */,
			);
			path = Yam;
			sourceTree = "<group>";
		};
		BB46A24A240A89A300DB74C4 /* YamTests */ = {
			isa = PBXGroup;
			children = (
				BB46A24B240A89A300DB74C4 /* YamTests.swift */,
				BB46A24D240A89A300DB74C4 /* Info.plist */,
			);
			path = YamTests;
			sourceTree = "<group>";
		};
		BB46A255240A89A300DB74C4 /* YamUITests */ = {
			isa = PBXGroup;
			children = (
				BB46A256240A89A300DB74C4 /* YamUITests.swift */,
				BB46A258240A89A300DB74C4 /* Info.plist */,
			);
			path = YamUITests;
			sourceTree = "<group>";
		};
/* End PBXGroup section */

/* Begin PBXNativeTarget section */
		BB46A230240A899F00DB74C4 /* Yam */ = {
			isa = PBXNativeTarget;
			buildConfigurationList = BB46A25B240A89A300DB74C4 /* Build configuration list for PBXNativeTarget "Yam" */;
			buildPhases = (
				5A7C8A4E4C5B82A3E0A9E949 /* [CP] Check Pods Manifest.lock */,
				BB46A22D240A899F00DB74C4 /* Sources */,
				BB46A22E240A899F00DB74C4 /* Frameworks */,
				BB46A22F240A899F00DB74C4 /* Resources */,
			);
			buildRules = (
			);
			dependencies = (
			);
			name = Yam;
			productName = Yam;
			productReference = BB46A231240A899F00DB74C4 /* Yam.app */;
			productType = "com.apple.product-type.application";
		};
		BB46A246240A89A300DB74C4 /* YamTests */ = {
			isa = PBXNativeTarget;
			buildConfigurationList = BB46A25E240A89A300DB74C4 /* Build configuration list for PBXNativeTarget "YamTests" */;
			buildPhases = (
				BB46A243240A89A300DB74C4 /* Sources */,
				BB46A244240A89A300DB74C4 /* Frameworks */,
				BB46A245240A89A300DB74C4 /* Resources */,
			);
			buildRules = (
			);
			dependencies = (
				BB46A249240A89A300DB74C4 /* PBXTargetDependency */,
			);
			name = YamTests;
			productName = YamTests;
			productReference = BB46A247240A89A300DB74C4 /* YamTests.xctest */;
			productType = "com.apple.product-type.bundle.unit-test";
		};
		BB46A251240A89A300DB74C4 /* YamUITests */ = {
			isa = PBXNativeTarget;
			buildConfigurationList = BB46A261240A89A300DB74C4 /* Build configuration list for PBXNativeTarget "YamUITests" */;
			buildPhases = (
				BB46A24E240A89A300DB74C4 /* Sources */,
				BB46A24F240A89A300DB74C4 /* Frameworks */,
				BB46A250240A89A300DB74C4 /* Resources */,
			);
			buildRules = (
			);
			dependencies = (
				BB46A254240A89A300DB74C4 /* PBXTargetDependency */,
			);
			name = YamUITests;
			productName = YamUITests;
			productReference = BB46A252240A89A300DB74C4 /* YamUITests.xctest */;
			productType = "com.apple.product-type.bundle.ui-testing";
		};
/* End PBXNativeTarget section */

/* Begin PBXProject section */
		BB46A229240A899F00DB74C4 /* Project object */ = {
			isa = PBXProject;
			attributes = {
				LastSwiftUpdateCheck = 1120;
				LastUpgradeCheck = 1120;
				ORGANIZATIONNAME = "Антон Уханов";
				TargetAttributes = {
					BB46A230240A899F00DB74C4 = {
						CreatedOnToolsVersion = 11.2;
					};
					BB46A246240A89A300DB74C4 = {
						CreatedOnToolsVersion = 11.2;
						TestTargetID = BB46A230240A899F00DB74C4;
					};
					BB46A251240A89A300DB74C4 = {
						CreatedOnToolsVersion = 11.2;
						TestTargetID = BB46A230240A899F00DB74C4;
					};
				};
			};
			buildConfigurationList = BB46A22C240A899F00DB74C4 /* Build configuration list for PBXProject "Yam" */;
			compatibilityVersion = "Xcode 9.3";
			developmentRegion = en;
			hasScannedForEncodings = 0;
			knownRegions = (
				en,
				Base,
			);
			mainGroup = BB46A228240A899F00DB74C4;
			productRefGroup = BB46A232240A899F00DB74C4 /* Products */;
			projectDirPath = "";
			projectRoot = "";
			targets = (
				BB46A230240A899F00DB74C4 /* Yam */,
				BB46A246240A89A300DB74C4 /* YamTests */,
				BB46A251240A89A300DB74C4 /* YamUITests */,
			);
		};
/* End PBXProject section */

/* Begin PBXResourcesBuildPhase section */
		BB46A22F240A899F00DB74C4 /* Resources */ = {
			isa = PBXResourcesBuildPhase;
			buildActionMask = 2147483647;
			files = (
				63CF9673244CF443004F6CA9 /* Main.storyboard in Resources */,
				BB46A241240A89A300DB74C4 /* LaunchScreen.storyboard in Resources */,
				BB46A23E240A89A300DB74C4 /* Assets.xcassets in Resources */,
				BB46A23C240A899F00DB74C4 /* Menu.storyboard in Resources */,
			);
			runOnlyForDeploymentPostprocessing = 0;
		};
		BB46A245240A89A300DB74C4 /* Resources */ = {
			isa = PBXResourcesBuildPhase;
			buildActionMask = 2147483647;
			files = (
			);
			runOnlyForDeploymentPostprocessing = 0;
		};
		BB46A250240A89A300DB74C4 /* Resources */ = {
			isa = PBXResourcesBuildPhase;
			buildActionMask = 2147483647;
			files = (
			);
			runOnlyForDeploymentPostprocessing = 0;
		};
/* End PBXResourcesBuildPhase section */

/* Begin PBXShellScriptBuildPhase section */
		5A7C8A4E4C5B82A3E0A9E949 /* [CP] Check Pods Manifest.lock */ = {
			isa = PBXShellScriptBuildPhase;
			buildActionMask = 2147483647;
			files = (
			);
			inputFileListPaths = (
			);
			inputPaths = (
				"${PODS_PODFILE_DIR_PATH}/Podfile.lock",
				"${PODS_ROOT}/Manifest.lock",
			);
			name = "[CP] Check Pods Manifest.lock";
			outputFileListPaths = (
			);
			outputPaths = (
				"$(DERIVED_FILE_DIR)/Pods-Yam-checkManifestLockResult.txt",
			);
			runOnlyForDeploymentPostprocessing = 0;
			shellPath = /bin/sh;
			shellScript = "diff \"${PODS_PODFILE_DIR_PATH}/Podfile.lock\" \"${PODS_ROOT}/Manifest.lock\" > /dev/null\nif [ $? != 0 ] ; then\n    # print error to STDERR\n    echo \"error: The sandbox is not in sync with the Podfile.lock. Run 'pod install' or update your CocoaPods installation.\" >&2\n    exit 1\nfi\n# This output is used by Xcode 'outputs' to avoid re-running this script phase.\necho \"SUCCESS\" > \"${SCRIPT_OUTPUT_FILE_0}\"\n";
			showEnvVarsInLog = 0;
		};
/* End PBXShellScriptBuildPhase section */

/* Begin PBXSourcesBuildPhase section */
		BB46A22D240A899F00DB74C4 /* Sources */ = {
			isa = PBXSourcesBuildPhase;
			buildActionMask = 2147483647;
			files = (
				63EB3895243A052C0095B217 /* ContactCell.swift in Sources */,
				BB46A239240A899F00DB74C4 /* ViewController.swift in Sources */,
				BB46A235240A899F00DB74C4 /* AppDelegate.swift in Sources */,
				6330D8D024288E3900DE8547 /* ViewMessenger.swift in Sources */,
				BB46A237240A899F00DB74C4 /* SceneDelegate.swift in Sources */,
				63EB388D2432501B0095B217 /* ViewCell.swift in Sources */,
				BB46A267240D567C00DB74C4 /* VKClass.swift in Sources */,
				BB46A26F2412CA4A00DB74C4 /* Person.swift in Sources */,
				BB46A2732412E1EA00DB74C4 /* Message.swift in Sources */,
				BB46A265240D54E300DB74C4 /* Messenger.swift in Sources */,
				63EB38932439FB5F0095B217 /* ContactsView.swift in Sources */,
				BB46A2712412CB3B00DB74C4 /* User.swift in Sources */,
			);
			runOnlyForDeploymentPostprocessing = 0;
		};
		BB46A243240A89A300DB74C4 /* Sources */ = {
			isa = PBXSourcesBuildPhase;
			buildActionMask = 2147483647;
			files = (
				BB46A24C240A89A300DB74C4 /* YamTests.swift in Sources */,
			);
			runOnlyForDeploymentPostprocessing = 0;
		};
		BB46A24E240A89A300DB74C4 /* Sources */ = {
			isa = PBXSourcesBuildPhase;
			buildActionMask = 2147483647;
			files = (
				BB46A257240A89A300DB74C4 /* YamUITests.swift in Sources */,
			);
			runOnlyForDeploymentPostprocessing = 0;
		};
/* End PBXSourcesBuildPhase section */

/* Begin PBXTargetDependency section */
		BB46A249240A89A300DB74C4 /* PBXTargetDependency */ = {
			isa = PBXTargetDependency;
			target = BB46A230240A899F00DB74C4 /* Yam */;
			targetProxy = BB46A248240A89A300DB74C4 /* PBXContainerItemProxy */;
		};
		BB46A254240A89A300DB74C4 /* PBXTargetDependency */ = {
			isa = PBXTargetDependency;
			target = BB46A230240A899F00DB74C4 /* Yam */;
			targetProxy = BB46A253240A89A300DB74C4 /* PBXContainerItemProxy */;
		};
/* End PBXTargetDependency section */

/* Begin PBXVariantGroup section */
		BB46A23A240A899F00DB74C4 /* Menu.storyboard */ = {
			isa = PBXVariantGroup;
			children = (
				BB46A23B240A899F00DB74C4 /* Base */,
			);
			name = Menu.storyboard;
			sourceTree = "<group>";
		};
		BB46A23F240A89A300DB74C4 /* LaunchScreen.storyboard */ = {
			isa = PBXVariantGroup;
			children = (
				BB46A240240A89A300DB74C4 /* Base */,
			);
			name = LaunchScreen.storyboard;
			sourceTree = "<group>";
		};
/* End PBXVariantGroup section */

/* Begin XCBuildConfiguration section */
		BB46A259240A89A300DB74C4 /* Debug */ = {
			isa = XCBuildConfiguration;
			buildSettings = {
				ALWAYS_SEARCH_USER_PATHS = NO;
				CLANG_ANALYZER_NONNULL = YES;
				CLANG_ANALYZER_NUMBER_OBJECT_CONVERSION = YES_AGGRESSIVE;
				CLANG_CXX_LANGUAGE_STANDARD = "gnu++14";
				CLANG_CXX_LIBRARY = "libc++";
				CLANG_ENABLE_MODULES = YES;
				CLANG_ENABLE_OBJC_ARC = YES;
				CLANG_ENABLE_OBJC_WEAK = YES;
				CLANG_WARN_BLOCK_CAPTURE_AUTORELEASING = YES;
				CLANG_WARN_BOOL_CONVERSION = YES;
				CLANG_WARN_COMMA = YES;
				CLANG_WARN_CONSTANT_CONVERSION = YES;
				CLANG_WARN_DEPRECATED_OBJC_IMPLEMENTATIONS = YES;
				CLANG_WARN_DIRECT_OBJC_ISA_USAGE = YES_ERROR;
				CLANG_WARN_DOCUMENTATION_COMMENTS = YES;
				CLANG_WARN_EMPTY_BODY = YES;
				CLANG_WARN_ENUM_CONVERSION = YES;
				CLANG_WARN_INFINITE_RECURSION = YES;
				CLANG_WARN_INT_CONVERSION = YES;
				CLANG_WARN_NON_LITERAL_NULL_CONVERSION = YES;
				CLANG_WARN_OBJC_IMPLICIT_RETAIN_SELF = YES;
				CLANG_WARN_OBJC_LITERAL_CONVERSION = YES;
				CLANG_WARN_OBJC_ROOT_CLASS = YES_ERROR;
				CLANG_WARN_RANGE_LOOP_ANALYSIS = YES;
				CLANG_WARN_STRICT_PROTOTYPES = YES;
				CLANG_WARN_SUSPICIOUS_MOVE = YES;
				CLANG_WARN_UNGUARDED_AVAILABILITY = YES_AGGRESSIVE;
				CLANG_WARN_UNREACHABLE_CODE = YES;
				CLANG_WARN__DUPLICATE_METHOD_MATCH = YES;
				COPY_PHASE_STRIP = NO;
				DEBUG_INFORMATION_FORMAT = dwarf;
				ENABLE_STRICT_OBJC_MSGSEND = YES;
				ENABLE_TESTABILITY = YES;
				GCC_C_LANGUAGE_STANDARD = gnu11;
				GCC_DYNAMIC_NO_PIC = NO;
				GCC_NO_COMMON_BLOCKS = YES;
				GCC_OPTIMIZATION_LEVEL = 0;
				GCC_PREPROCESSOR_DEFINITIONS = (
					"DEBUG=1",
					"$(inherited)",
				);
				GCC_WARN_64_TO_32_BIT_CONVERSION = YES;
				GCC_WARN_ABOUT_RETURN_TYPE = YES_ERROR;
				GCC_WARN_UNDECLARED_SELECTOR = YES;
				GCC_WARN_UNINITIALIZED_AUTOS = YES_AGGRESSIVE;
				GCC_WARN_UNUSED_FUNCTION = YES;
				GCC_WARN_UNUSED_VARIABLE = YES;
				IPHONEOS_DEPLOYMENT_TARGET = 13.2;
				MTL_ENABLE_DEBUG_INFO = INCLUDE_SOURCE;
				MTL_FAST_MATH = YES;
				ONLY_ACTIVE_ARCH = YES;
				SDKROOT = iphoneos;
				SWIFT_ACTIVE_COMPILATION_CONDITIONS = DEBUG;
				SWIFT_OPTIMIZATION_LEVEL = "-Onone";
			};
			name = Debug;
		};
		BB46A25A240A89A300DB74C4 /* Release */ = {
			isa = XCBuildConfiguration;
			buildSettings = {
				ALWAYS_SEARCH_USER_PATHS = NO;
				CLANG_ANALYZER_NONNULL = YES;
				CLANG_ANALYZER_NUMBER_OBJECT_CONVERSION = YES_AGGRESSIVE;
				CLANG_CXX_LANGUAGE_STANDARD = "gnu++14";
				CLANG_CXX_LIBRARY = "libc++";
				CLANG_ENABLE_MODULES = YES;
				CLANG_ENABLE_OBJC_ARC = YES;
				CLANG_ENABLE_OBJC_WEAK = YES;
				CLANG_WARN_BLOCK_CAPTURE_AUTORELEASING = YES;
				CLANG_WARN_BOOL_CONVERSION = YES;
				CLANG_WARN_COMMA = YES;
				CLANG_WARN_CONSTANT_CONVERSION = YES;
				CLANG_WARN_DEPRECATED_OBJC_IMPLEMENTATIONS = YES;
				CLANG_WARN_DIRECT_OBJC_ISA_USAGE = YES_ERROR;
				CLANG_WARN_DOCUMENTATION_COMMENTS = YES;
				CLANG_WARN_EMPTY_BODY = YES;
				CLANG_WARN_ENUM_CONVERSION = YES;
				CLANG_WARN_INFINITE_RECURSION = YES;
				CLANG_WARN_INT_CONVERSION = YES;
				CLANG_WARN_NON_LITERAL_NULL_CONVERSION = YES;
				CLANG_WARN_OBJC_IMPLICIT_RETAIN_SELF = YES;
				CLANG_WARN_OBJC_LITERAL_CONVERSION = YES;
				CLANG_WARN_OBJC_ROOT_CLASS = YES_ERROR;
				CLANG_WARN_RANGE_LOOP_ANALYSIS = YES;
				CLANG_WARN_STRICT_PROTOTYPES = YES;
				CLANG_WARN_SUSPICIOUS_MOVE = YES;
				CLANG_WARN_UNGUARDED_AVAILABILITY = YES_AGGRESSIVE;
				CLANG_WARN_UNREACHABLE_CODE = YES;
				CLANG_WARN__DUPLICATE_METHOD_MATCH = YES;
				COPY_PHASE_STRIP = NO;
				DEBUG_INFORMATION_FORMAT = "dwarf-with-dsym";
				ENABLE_NS_ASSERTIONS = NO;
				ENABLE_STRICT_OBJC_MSGSEND = YES;
				GCC_C_LANGUAGE_STANDARD = gnu11;
				GCC_NO_COMMON_BLOCKS = YES;
				GCC_WARN_64_TO_32_BIT_CONVERSION = YES;
				GCC_WARN_ABOUT_RETURN_TYPE = YES_ERROR;
				GCC_WARN_UNDECLARED_SELECTOR = YES;
				GCC_WARN_UNINITIALIZED_AUTOS = YES_AGGRESSIVE;
				GCC_WARN_UNUSED_FUNCTION = YES;
				GCC_WARN_UNUSED_VARIABLE = YES;
				IPHONEOS_DEPLOYMENT_TARGET = 13.2;
				MTL_ENABLE_DEBUG_INFO = NO;
				MTL_FAST_MATH = YES;
				SDKROOT = iphoneos;
				SWIFT_COMPILATION_MODE = wholemodule;
				SWIFT_OPTIMIZATION_LEVEL = "-O";
				VALIDATE_PRODUCT = YES;
			};
			name = Release;
		};
		BB46A25C240A89A300DB74C4 /* Debug */ = {
			isa = XCBuildConfiguration;
			baseConfigurationReference = 2A1738241C8913DA0D03D292 /* Pods-Yam.debug.xcconfig */;
			buildSettings = {
				ASSETCATALOG_COMPILER_APPICON_NAME = AppIcon;
				CODE_SIGN_STYLE = Automatic;
				DEVELOPMENT_TEAM = AQXFYRLX6D;
				INFOPLIST_FILE = Yam/Info.plist;
				LD_RUNPATH_SEARCH_PATHS = (
					"$(inherited)",
					"@executable_path/Frameworks",
				);
				PRODUCT_BUNDLE_IDENTIFIER = "-0.Yam";
				PRODUCT_NAME = "$(TARGET_NAME)";
				SWIFT_VERSION = 5.0;
				TARGETED_DEVICE_FAMILY = "1,2";
			};
			name = Debug;
		};
		BB46A25D240A89A300DB74C4 /* Release */ = {
			isa = XCBuildConfiguration;
			baseConfigurationReference = 7D3870E0BC3739380D6F55D5 /* Pods-Yam.release.xcconfig */;
			buildSettings = {
				ASSETCATALOG_COMPILER_APPICON_NAME = AppIcon;
				CODE_SIGN_STYLE = Automatic;
				DEVELOPMENT_TEAM = AQXFYRLX6D;
				INFOPLIST_FILE = Yam/Info.plist;
				LD_RUNPATH_SEARCH_PATHS = (
					"$(inherited)",
					"@executable_path/Frameworks",
				);
				PRODUCT_BUNDLE_IDENTIFIER = "-0.Yam";
				PRODUCT_NAME = "$(TARGET_NAME)";
				SWIFT_VERSION = 5.0;
				TARGETED_DEVICE_FAMILY = "1,2";
			};
			name = Release;
		};
		BB46A25F240A89A300DB74C4 /* Debug */ = {
			isa = XCBuildConfiguration;
			buildSettings = {
				ALWAYS_EMBED_SWIFT_STANDARD_LIBRARIES = YES;
				BUNDLE_LOADER = "$(TEST_HOST)";
				CODE_SIGN_STYLE = Automatic;
				DEVELOPMENT_TEAM = AQXFYRLX6D;
				INFOPLIST_FILE = YamTests/Info.plist;
				IPHONEOS_DEPLOYMENT_TARGET = 13.2;
				LD_RUNPATH_SEARCH_PATHS = (
					"$(inherited)",
					"@executable_path/Frameworks",
					"@loader_path/Frameworks",
				);
				PRODUCT_BUNDLE_IDENTIFIER = "-0.YamTests";
				PRODUCT_NAME = "$(TARGET_NAME)";
				SWIFT_VERSION = 5.0;
				TARGETED_DEVICE_FAMILY = "1,2";
				TEST_HOST = "$(BUILT_PRODUCTS_DIR)/Yam.app/Yam";
			};
			name = Debug;
		};
		BB46A260240A89A300DB74C4 /* Release */ = {
			isa = XCBuildConfiguration;
			buildSettings = {
				ALWAYS_EMBED_SWIFT_STANDARD_LIBRARIES = YES;
				BUNDLE_LOADER = "$(TEST_HOST)";
				CODE_SIGN_STYLE = Automatic;
				DEVELOPMENT_TEAM = AQXFYRLX6D;
				INFOPLIST_FILE = YamTests/Info.plist;
				IPHONEOS_DEPLOYMENT_TARGET = 13.2;
				LD_RUNPATH_SEARCH_PATHS = (
					"$(inherited)",
					"@executable_path/Frameworks",
					"@loader_path/Frameworks",
				);
				PRODUCT_BUNDLE_IDENTIFIER = "-0.YamTests";
				PRODUCT_NAME = "$(TARGET_NAME)";
				SWIFT_VERSION = 5.0;
				TARGETED_DEVICE_FAMILY = "1,2";
				TEST_HOST = "$(BUILT_PRODUCTS_DIR)/Yam.app/Yam";
			};
			name = Release;
		};
		BB46A262240A89A300DB74C4 /* Debug */ = {
			isa = XCBuildConfiguration;
			buildSettings = {
				ALWAYS_EMBED_SWIFT_STANDARD_LIBRARIES = YES;
				CODE_SIGN_STYLE = Automatic;
				DEVELOPMENT_TEAM = AQXFYRLX6D;
				INFOPLIST_FILE = YamUITests/Info.plist;
				LD_RUNPATH_SEARCH_PATHS = (
					"$(inherited)",
					"@executable_path/Frameworks",
					"@loader_path/Frameworks",
				);
				PRODUCT_BUNDLE_IDENTIFIER = "-0.YamUITests";
				PRODUCT_NAME = "$(TARGET_NAME)";
				SWIFT_VERSION = 5.0;
				TARGETED_DEVICE_FAMILY = "1,2";
				TEST_TARGET_NAME = Yam;
			};
			name = Debug;
		};
		BB46A263240A89A300DB74C4 /* Release */ = {
			isa = XCBuildConfiguration;
			buildSettings = {
				ALWAYS_EMBED_SWIFT_STANDARD_LIBRARIES = YES;
				CODE_SIGN_STYLE = Automatic;
				DEVELOPMENT_TEAM = AQXFYRLX6D;
				INFOPLIST_FILE = YamUITests/Info.plist;
				LD_RUNPATH_SEARCH_PATHS = (
					"$(inherited)",
					"@executable_path/Frameworks",
					"@loader_path/Frameworks",
				);
				PRODUCT_BUNDLE_IDENTIFIER = "-0.YamUITests";
				PRODUCT_NAME = "$(TARGET_NAME)";
				SWIFT_VERSION = 5.0;
				TARGETED_DEVICE_FAMILY = "1,2";
				TEST_TARGET_NAME = Yam;
			};
			name = Release;
		};
/* End XCBuildConfiguration section */

/* Begin XCConfigurationList section */
		BB46A22C240A899F00DB74C4 /* Build configuration list for PBXProject "Yam" */ = {
			isa = XCConfigurationList;
			buildConfigurations = (
				BB46A259240A89A300DB74C4 /* Debug */,
				BB46A25A240A89A300DB74C4 /* Release */,
			);
			defaultConfigurationIsVisible = 0;
			defaultConfigurationName = Release;
		};
		BB46A25B240A89A300DB74C4 /* Build configuration list for PBXNativeTarget "Yam" */ = {
			isa = XCConfigurationList;
			buildConfigurations = (
				BB46A25C240A89A300DB74C4 /* Debug */,
				BB46A25D240A89A300DB74C4 /* Release */,
			);
			defaultConfigurationIsVisible = 0;
			defaultConfigurationName = Release;
		};
		BB46A25E240A89A300DB74C4 /* Build configuration list for PBXNativeTarget "YamTests" */ = {
			isa = XCConfigurationList;
			buildConfigurations = (
				BB46A25F240A89A300DB74C4 /* Debug */,
				BB46A260240A89A300DB74C4 /* Release */,
			);
			defaultConfigurationIsVisible = 0;
			defaultConfigurationName = Release;
		};
		BB46A261240A89A300DB74C4 /* Build configuration list for PBXNativeTarget "YamUITests" */ = {
			isa = XCConfigurationList;
			buildConfigurations = (
				BB46A262240A89A300DB74C4 /* Debug */,
				BB46A263240A89A300DB74C4 /* Release */,
			);
			defaultConfigurationIsVisible = 0;
			defaultConfigurationName = Release;
		};
/* End XCConfigurationList section */
	};
	rootObject = BB46A229240A899F00DB74C4 /* Project object */;
}
